// !$*UTF8*$!
{
	archiveVersion = 1;
	classes = {
	};
	objectVersion = 46;
	objects = {

/* Begin PBXBuildFile section */
		1F6FD5771E67A60100B98A04 /* ProfileViewController.swift in Sources */ = {isa = PBXBuildFile; fileRef = 1F6FD5761E67A60100B98A04 /* ProfileViewController.swift */; };
		1F6FD5791E67A7A300B98A04 /* Authenticate.swift in Sources */ = {isa = PBXBuildFile; fileRef = 1F6FD5781E67A7A300B98A04 /* Authenticate.swift */; };
		1F6FD57B1E67AC9300B98A04 /* User.swift in Sources */ = {isa = PBXBuildFile; fileRef = 1F6FD57A1E67AC9300B98A04 /* User.swift */; };
		1FA1365F1E63A4240024C561 /* AppDelegate.swift in Sources */ = {isa = PBXBuildFile; fileRef = 1FA1365E1E63A4240024C561 /* AppDelegate.swift */; };
		1FA136641E63A4240024C561 /* Main.storyboard in Resources */ = {isa = PBXBuildFile; fileRef = 1FA136621E63A4240024C561 /* Main.storyboard */; };
		1FA136661E63A4240024C561 /* Assets.xcassets in Resources */ = {isa = PBXBuildFile; fileRef = 1FA136651E63A4240024C561 /* Assets.xcassets */; };
		1FA136691E63A4240024C561 /* LaunchScreen.storyboard in Resources */ = {isa = PBXBuildFile; fileRef = 1FA136671E63A4240024C561 /* LaunchScreen.storyboard */; };
		1FA136711E63A5130024C561 /* GoogleService-Info.plist in Resources */ = {isa = PBXBuildFile; fileRef = 1FA136701E63A5130024C561 /* GoogleService-Info.plist */; };
		1FA136731E63A9430024C561 /* SignInViewController.swift in Sources */ = {isa = PBXBuildFile; fileRef = 1FA136721E63A9430024C561 /* SignInViewController.swift */; };
		1FD2EA4B1E6A5EA1005AB555 /* HomeViewController.swift in Sources */ = {isa = PBXBuildFile; fileRef = 1FD2EA4A1E6A5EA1005AB555 /* HomeViewController.swift */; };
		1FD2EA4D1E6A5EB3005AB555 /* CreatiionViewController.swift in Sources */ = {isa = PBXBuildFile; fileRef = 1FD2EA4C1E6A5EB3005AB555 /* CreatiionViewController.swift */; };
		1FD2EA4F1E6A5EBE005AB555 /* MapViewController.swift in Sources */ = {isa = PBXBuildFile; fileRef = 1FD2EA4E1E6A5EBE005AB555 /* MapViewController.swift */; };
		1FD2EA511E6A5EC8005AB555 /* ShopViewController.swift in Sources */ = {isa = PBXBuildFile; fileRef = 1FD2EA501E6A5EC8005AB555 /* ShopViewController.swift */; };
		1FD2EA531E6A5EE1005AB555 /* PhoneViewController.swift in Sources */ = {isa = PBXBuildFile; fileRef = 1FD2EA521E6A5EE1005AB555 /* PhoneViewController.swift */; };
		1FD2EA551E6A5F19005AB555 /* ComputerViewController.swift in Sources */ = {isa = PBXBuildFile; fileRef = 1FD2EA541E6A5F19005AB555 /* ComputerViewController.swift */; };
		1FD2EA571E6A5F2C005AB555 /* OutsideViewController.swift in Sources */ = {isa = PBXBuildFile; fileRef = 1FD2EA561E6A5F2C005AB555 /* OutsideViewController.swift */; };
		1FD2EA591E6A5F5A005AB555 /* WorkViewController.swift in Sources */ = {isa = PBXBuildFile; fileRef = 1FD2EA581E6A5F5A005AB555 /* WorkViewController.swift */; };
		1FD2EA5B1E6A5F70005AB555 /* StoryViewController.swift in Sources */ = {isa = PBXBuildFile; fileRef = 1FD2EA5A1E6A5F70005AB555 /* StoryViewController.swift */; };
		1FD2EA5D1E6A6096005AB555 /* CreationStoreViewController.swift in Sources */ = {isa = PBXBuildFile; fileRef = 1FD2EA5C1E6A6096005AB555 /* CreationStoreViewController.swift */; };
		9D83C7073E45B2F8244DD513 /* Pods_rolll.framework in Frameworks */ = {isa = PBXBuildFile; fileRef = 04B6AA718E4B76882DDD0DF0 /* Pods_rolll.framework */; };
/* End PBXBuildFile section */

/* Begin PBXFileReference section */
		04B6AA718E4B76882DDD0DF0 /* Pods_rolll.framework */ = {isa = PBXFileReference; explicitFileType = wrapper.framework; includeInIndex = 0; path = Pods_rolll.framework; sourceTree = BUILT_PRODUCTS_DIR; };
		1F6FD5761E67A60100B98A04 /* ProfileViewController.swift */ = {isa = PBXFileReference; fileEncoding = 4; lastKnownFileType = sourcecode.swift; path = ProfileViewController.swift; sourceTree = "<group>"; };
		1F6FD5781E67A7A300B98A04 /* Authenticate.swift */ = {isa = PBXFileReference; fileEncoding = 4; lastKnownFileType = sourcecode.swift; path = Authenticate.swift; sourceTree = "<group>"; };
		1F6FD57A1E67AC9300B98A04 /* User.swift */ = {isa = PBXFileReference; fileEncoding = 4; lastKnownFileType = sourcecode.swift; path = User.swift; sourceTree = "<group>"; };
		1FA1365B1E63A4240024C561 /* rolll.app */ = {isa = PBXFileReference; explicitFileType = wrapper.application; includeInIndex = 0; path = rolll.app; sourceTree = BUILT_PRODUCTS_DIR; };
		1FA1365E1E63A4240024C561 /* AppDelegate.swift */ = {isa = PBXFileReference; lastKnownFileType = sourcecode.swift; path = AppDelegate.swift; sourceTree = "<group>"; };
		1FA136631E63A4240024C561 /* Base */ = {isa = PBXFileReference; lastKnownFileType = file.storyboard; name = Base; path = Base.lproj/Main.storyboard; sourceTree = "<group>"; };
		1FA136651E63A4240024C561 /* Assets.xcassets */ = {isa = PBXFileReference; lastKnownFileType = folder.assetcatalog; path = Assets.xcassets; sourceTree = "<group>"; };
		1FA136681E63A4240024C561 /* Base */ = {isa = PBXFileReference; lastKnownFileType = file.storyboard; name = Base; path = Base.lproj/LaunchScreen.storyboard; sourceTree = "<group>"; };
		1FA1366A1E63A4240024C561 /* Info.plist */ = {isa = PBXFileReference; lastKnownFileType = text.plist.xml; path = Info.plist; sourceTree = "<group>"; };
		1FA136701E63A5130024C561 /* GoogleService-Info.plist */ = {isa = PBXFileReference; fileEncoding = 4; lastKnownFileType = text.plist.xml; path = "GoogleService-Info.plist"; sourceTree = "<group>"; };
		1FA136721E63A9430024C561 /* SignInViewController.swift */ = {isa = PBXFileReference; fileEncoding = 4; lastKnownFileType = sourcecode.swift; path = SignInViewController.swift; sourceTree = "<group>"; };
		1FD2EA4A1E6A5EA1005AB555 /* HomeViewController.swift */ = {isa = PBXFileReference; fileEncoding = 4; lastKnownFileType = sourcecode.swift; path = HomeViewController.swift; sourceTree = "<group>"; };
		1FD2EA4C1E6A5EB3005AB555 /* CreatiionViewController.swift */ = {isa = PBXFileReference; fileEncoding = 4; lastKnownFileType = sourcecode.swift; path = CreatiionViewController.swift; sourceTree = "<group>"; };
		1FD2EA4E1E6A5EBE005AB555 /* MapViewController.swift */ = {isa = PBXFileReference; fileEncoding = 4; lastKnownFileType = sourcecode.swift; path = MapViewController.swift; sourceTree = "<group>"; };
		1FD2EA501E6A5EC8005AB555 /* ShopViewController.swift */ = {isa = PBXFileReference; fileEncoding = 4; lastKnownFileType = sourcecode.swift; path = ShopViewController.swift; sourceTree = "<group>"; };
		1FD2EA521E6A5EE1005AB555 /* PhoneViewController.swift */ = {isa = PBXFileReference; fileEncoding = 4; lastKnownFileType = sourcecode.swift; path = PhoneViewController.swift; sourceTree = "<group>"; };
		1FD2EA541E6A5F19005AB555 /* ComputerViewController.swift */ = {isa = PBXFileReference; fileEncoding = 4; lastKnownFileType = sourcecode.swift; path = ComputerViewController.swift; sourceTree = "<group>"; };
		1FD2EA561E6A5F2C005AB555 /* OutsideViewController.swift */ = {isa = PBXFileReference; fileEncoding = 4; lastKnownFileType = sourcecode.swift; path = OutsideViewController.swift; sourceTree = "<group>"; };
		1FD2EA581E6A5F5A005AB555 /* WorkViewController.swift */ = {isa = PBXFileReference; fileEncoding = 4; lastKnownFileType = sourcecode.swift; path = WorkViewController.swift; sourceTree = "<group>"; };
		1FD2EA5A1E6A5F70005AB555 /* StoryViewController.swift */ = {isa = PBXFileReference; fileEncoding = 4; lastKnownFileType = sourcecode.swift; path = StoryViewController.swift; sourceTree = "<group>"; };
		1FD2EA5C1E6A6096005AB555 /* CreationStoreViewController.swift */ = {isa = PBXFileReference; fileEncoding = 4; lastKnownFileType = sourcecode.swift; path = CreationStoreViewController.swift; sourceTree = "<group>"; };
		1FD2EA611E6A6FA8005AB555 /* rolll.entitlements */ = {isa = PBXFileReference; lastKnownFileType = text.plist.entitlements; path = rolll.entitlements; sourceTree = "<group>"; };
		33AA6960F0B46EDB4F87049A /* Pods-rolll.release.xcconfig */ = {isa = PBXFileReference; includeInIndex = 1; lastKnownFileType = text.xcconfig; name = "Pods-rolll.release.xcconfig"; path = "Pods/Target Support Files/Pods-rolll/Pods-rolll.release.xcconfig"; sourceTree = "<group>"; };
		CA2EB8460D62D5D89C803858 /* Pods-rolll.debug.xcconfig */ = {isa = PBXFileReference; includeInIndex = 1; lastKnownFileType = text.xcconfig; name = "Pods-rolll.debug.xcconfig"; path = "Pods/Target Support Files/Pods-rolll/Pods-rolll.debug.xcconfig"; sourceTree = "<group>"; };
/* End PBXFileReference section */

/* Begin PBXFrameworksBuildPhase section */
		1FA136581E63A4240024C561 /* Frameworks */ = {
			isa = PBXFrameworksBuildPhase;
			buildActionMask = 2147483647;
			files = (
				9D83C7073E45B2F8244DD513 /* Pods_rolll.framework in Frameworks */,
			);
			runOnlyForDeploymentPostprocessing = 0;
		};
/* End PBXFrameworksBuildPhase section */

/* Begin PBXGroup section */
		1FA136521E63A4240024C561 = {
			isa = PBXGroup;
			children = (
				1FA1365D1E63A4240024C561 /* rolll */,
				1FA1365C1E63A4240024C561 /* Products */,
				8FB9F701CFE1639C42E2DCD4 /* Pods */,
				50FA13D0720236653CABC3BF /* Frameworks */,
			);
			sourceTree = "<group>";
		};
		1FA1365C1E63A4240024C561 /* Products */ = {
			isa = PBXGroup;
			children = (
				1FA1365B1E63A4240024C561 /* rolll.app */,
			);
			name = Products;
			sourceTree = "<group>";
		};
		1FA1365D1E63A4240024C561 /* rolll */ = {
			isa = PBXGroup;
			children = (
				1FD2EA611E6A6FA8005AB555 /* rolll.entitlements */,
				1FA136761E63A9610024C561 /* Model */,
				1FA136751E63A9540024C561 /* UI */,
				1FA136741E63A9490024C561 /* View Controller */,
				1FA136651E63A4240024C561 /* Assets.xcassets */,
				1FA1366A1E63A4240024C561 /* Info.plist */,
				1FA136701E63A5130024C561 /* GoogleService-Info.plist */,
			);
			path = rolll;
			sourceTree = "<group>";
		};
		1FA136741E63A9490024C561 /* View Controller */ = {
			isa = PBXGroup;
			children = (
				1FD2EA5E1E6A6212005AB555 /* Storyboard created */,
				1FD2EA601E6A624E005AB555 /* finish? */,
				1FD2EA5F1E6A6247005AB555 /* todo */,
			);
			name = "View Controller";
			sourceTree = "<group>";
		};
		1FA136751E63A9540024C561 /* UI */ = {
			isa = PBXGroup;
			children = (
				1FA136621E63A4240024C561 /* Main.storyboard */,
				1FA136671E63A4240024C561 /* LaunchScreen.storyboard */,
			);
			name = UI;
			sourceTree = "<group>";
		};
		1FA136761E63A9610024C561 /* Model */ = {
			isa = PBXGroup;
			children = (
				1FA1365E1E63A4240024C561 /* AppDelegate.swift */,
				1F6FD5781E67A7A300B98A04 /* Authenticate.swift */,
				1F6FD57A1E67AC9300B98A04 /* User.swift */,
			);
			name = Model;
			sourceTree = "<group>";
		};
		1FD2EA5E1E6A6212005AB555 /* Storyboard created */ = {
			isa = PBXGroup;
			children = (
				1FA136721E63A9430024C561 /* SignInViewController.swift */,
				1FD2EA4A1E6A5EA1005AB555 /* HomeViewController.swift */,
				1FD2EA4E1E6A5EBE005AB555 /* MapViewController.swift */,
				1FD2EA4C1E6A5EB3005AB555 /* CreatiionViewController.swift */,
				1FD2EA5C1E6A6096005AB555 /* CreationStoreViewController.swift */,
				1FD2EA501E6A5EC8005AB555 /* ShopViewController.swift */,
				1FD2EA5A1E6A5F70005AB555 /* StoryViewController.swift */,
			);
			name = "Storyboard created";
			sourceTree = "<group>";
		};
		1FD2EA5F1E6A6247005AB555 /* todo */ = {
			isa = PBXGroup;
			children = (
				1FD2EA521E6A5EE1005AB555 /* PhoneViewController.swift */,
				1FD2EA541E6A5F19005AB555 /* ComputerViewController.swift */,
				1FD2EA561E6A5F2C005AB555 /* OutsideViewController.swift */,
				1FD2EA581E6A5F5A005AB555 /* WorkViewController.swift */,
				1F6FD5761E67A60100B98A04 /* ProfileViewController.swift */,
			);
			name = todo;
			sourceTree = "<group>";
		};
		1FD2EA601E6A624E005AB555 /* finish? */ = {
			isa = PBXGroup;
			children = (
			);
			name = "finish?";
			sourceTree = "<group>";
		};
		50FA13D0720236653CABC3BF /* Frameworks */ = {
			isa = PBXGroup;
			children = (
				04B6AA718E4B76882DDD0DF0 /* Pods_rolll.framework */,
			);
			name = Frameworks;
			sourceTree = "<group>";
		};
		8FB9F701CFE1639C42E2DCD4 /* Pods */ = {
			isa = PBXGroup;
			children = (
				CA2EB8460D62D5D89C803858 /* Pods-rolll.debug.xcconfig */,
				33AA6960F0B46EDB4F87049A /* Pods-rolll.release.xcconfig */,
			);
			name = Pods;
			sourceTree = "<group>";
		};
/* End PBXGroup section */

/* Begin PBXNativeTarget section */
		1FA1365A1E63A4240024C561 /* rolll */ = {
			isa = PBXNativeTarget;
			buildConfigurationList = 1FA1366D1E63A4240024C561 /* Build configuration list for PBXNativeTarget "rolll" */;
			buildPhases = (
				9E8EC0D1D012715503F7B48D /* [CP] Check Pods Manifest.lock */,
				1FA136571E63A4240024C561 /* Sources */,
				1FA136581E63A4240024C561 /* Frameworks */,
				1FA136591E63A4240024C561 /* Resources */,
				349E8A37549B0333523AF86D /* [CP] Embed Pods Frameworks */,
				A348AB92B721C6E320DAC923 /* [CP] Copy Pods Resources */,
			);
			buildRules = (
			);
			dependencies = (
			);
			name = rolll;
			productName = rolll;
			productReference = 1FA1365B1E63A4240024C561 /* rolll.app */;
			productType = "com.apple.product-type.application";
		};
/* End PBXNativeTarget section */

/* Begin PBXProject section */
		1FA136531E63A4240024C561 /* Project object */ = {
			isa = PBXProject;
			attributes = {
				LastSwiftUpdateCheck = 0810;
				LastUpgradeCheck = 0810;
				ORGANIZATIONNAME = "carmen cheng";
				TargetAttributes = {
					1FA1365A1E63A4240024C561 = {
						CreatedOnToolsVersion = 8.1;
						DevelopmentTeam = 7V8P94L4TP;
						ProvisioningStyle = Automatic;
						SystemCapabilities = {
							com.apple.Keychain = {
								enabled = 1;
							};
						};
					};
				};
			};
			buildConfigurationList = 1FA136561E63A4240024C561 /* Build configuration list for PBXProject "rolll" */;
			compatibilityVersion = "Xcode 3.2";
			developmentRegion = English;
			hasScannedForEncodings = 0;
			knownRegions = (
				en,
				Base,
			);
			mainGroup = 1FA136521E63A4240024C561;
			productRefGroup = 1FA1365C1E63A4240024C561 /* Products */;
			projectDirPath = "";
			projectRoot = "";
			targets = (
				1FA1365A1E63A4240024C561 /* rolll */,
			);
		};
/* End PBXProject section */

/* Begin PBXResourcesBuildPhase section */
		1FA136591E63A4240024C561 /* Resources */ = {
			isa = PBXResourcesBuildPhase;
			buildActionMask = 2147483647;
			files = (
				1FA136691E63A4240024C561 /* LaunchScreen.storyboard in Resources */,
				1FA136661E63A4240024C561 /* Assets.xcassets in Resources */,
				1FA136641E63A4240024C561 /* Main.storyboard in Resources */,
				1FA136711E63A5130024C561 /* GoogleService-Info.plist in Resources */,
			);
			runOnlyForDeploymentPostprocessing = 0;
		};
/* End PBXResourcesBuildPhase section */

/* Begin PBXShellScriptBuildPhase section */
		349E8A37549B0333523AF86D /* [CP] Embed Pods Frameworks */ = {
			isa = PBXShellScriptBuildPhase;
			buildActionMask = 2147483647;
			files = (
			);
			inputPaths = (
			);
			name = "[CP] Embed Pods Frameworks";
			outputPaths = (
			);
			runOnlyForDeploymentPostprocessing = 0;
			shellPath = /bin/sh;
			shellScript = "\"${SRCROOT}/Pods/Target Support Files/Pods-rolll/Pods-rolll-frameworks.sh\"\n";
			showEnvVarsInLog = 0;
		};
		9E8EC0D1D012715503F7B48D /* [CP] Check Pods Manifest.lock */ = {
			isa = PBXShellScriptBuildPhase;
			buildActionMask = 2147483647;
			files = (
			);
			inputPaths = (
			);
			name = "[CP] Check Pods Manifest.lock";
			outputPaths = (
			);
			runOnlyForDeploymentPostprocessing = 0;
			shellPath = /bin/sh;
			shellScript = "diff \"${PODS_ROOT}/../Podfile.lock\" \"${PODS_ROOT}/Manifest.lock\" > /dev/null\nif [ $? != 0 ] ; then\n    # print error to STDERR\n    echo \"error: The sandbox is not in sync with the Podfile.lock. Run 'pod install' or update your CocoaPods installation.\" >&2\n    exit 1\nfi\n";
			showEnvVarsInLog = 0;
		};
		A348AB92B721C6E320DAC923 /* [CP] Copy Pods Resources */ = {
			isa = PBXShellScriptBuildPhase;
			buildActionMask = 2147483647;
			files = (
			);
			inputPaths = (
			);
			name = "[CP] Copy Pods Resources";
			outputPaths = (
			);
			runOnlyForDeploymentPostprocessing = 0;
			shellPath = /bin/sh;
			shellScript = "\"${SRCROOT}/Pods/Target Support Files/Pods-rolll/Pods-rolll-resources.sh\"\n";
			showEnvVarsInLog = 0;
		};
/* End PBXShellScriptBuildPhase section */

/* Begin PBXSourcesBuildPhase section */
		1FA136571E63A4240024C561 /* Sources */ = {
			isa = PBXSourcesBuildPhase;
			buildActionMask = 2147483647;
			files = (
				1F6FD5791E67A7A300B98A04 /* Authenticate.swift in Sources */,
				1FD2EA531E6A5EE1005AB555 /* PhoneViewController.swift in Sources */,
				1FD2EA5D1E6A6096005AB555 /* CreationStoreViewController.swift in Sources */,
				1FD2EA571E6A5F2C005AB555 /* OutsideViewController.swift in Sources */,
				1F6FD5771E67A60100B98A04 /* ProfileViewController.swift in Sources */,
				1FD2EA511E6A5EC8005AB555 /* ShopViewController.swift in Sources */,
				1FA1365F1E63A4240024C561 /* AppDelegate.swift in Sources */,
				1FD2EA4D1E6A5EB3005AB555 /* CreatiionViewController.swift in Sources */,
				1FD2EA551E6A5F19005AB555 /* ComputerViewController.swift in Sources */,
				1FD2EA591E6A5F5A005AB555 /* WorkViewController.swift in Sources */,
				1F6FD57B1E67AC9300B98A04 /* User.swift in Sources */,
				1FA136731E63A9430024C561 /* SignInViewController.swift in Sources */,
				1FD2EA4B1E6A5EA1005AB555 /* HomeViewController.swift in Sources */,
				1FD2EA5B1E6A5F70005AB555 /* StoryViewController.swift in Sources */,
				1FD2EA4F1E6A5EBE005AB555 /* MapViewController.swift in Sources */,
			);
			runOnlyForDeploymentPostprocessing = 0;
		};
/* End PBXSourcesBuildPhase section */

/* Begin PBXVariantGroup section */
		1FA136621E63A4240024C561 /* Main.storyboard */ = {
			isa = PBXVariantGroup;
			children = (
				1FA136631E63A4240024C561 /* Base */,
			);
			name = Main.storyboard;
			sourceTree = "<group>";
		};
		1FA136671E63A4240024C561 /* LaunchScreen.storyboard */ = {
			isa = PBXVariantGroup;
			children = (
				1FA136681E63A4240024C561 /* Base */,
			);
			name = LaunchScreen.storyboard;
			sourceTree = "<group>";
		};
/* End PBXVariantGroup section */

/* Begin XCBuildConfiguration section */
		1FA1366B1E63A4240024C561 /* Debug */ = {
			isa = XCBuildConfiguration;
			buildSettings = {
				ALWAYS_SEARCH_USER_PATHS = NO;
				CLANG_ANALYZER_NONNULL = YES;
				CLANG_CXX_LANGUAGE_STANDARD = "gnu++0x";
				CLANG_CXX_LIBRARY = "libc++";
				CLANG_ENABLE_MODULES = YES;
				CLANG_ENABLE_OBJC_ARC = YES;
				CLANG_WARN_BOOL_CONVERSION = YES;
				CLANG_WARN_CONSTANT_CONVERSION = YES;
				CLANG_WARN_DIRECT_OBJC_ISA_USAGE = YES_ERROR;
				CLANG_WARN_DOCUMENTATION_COMMENTS = YES;
				CLANG_WARN_EMPTY_BODY = YES;
				CLANG_WARN_ENUM_CONVERSION = YES;
				CLANG_WARN_INFINITE_RECURSION = YES;
				CLANG_WARN_INT_CONVERSION = YES;
				CLANG_WARN_OBJC_ROOT_CLASS = YES_ERROR;
				CLANG_WARN_SUSPICIOUS_MOVES = YES;
				CLANG_WARN_UNREACHABLE_CODE = YES;
				CLANG_WARN__DUPLICATE_METHOD_MATCH = YES;
				"CODE_SIGN_IDENTITY[sdk=iphoneos*]" = "iPhone Developer";
				COPY_PHASE_STRIP = NO;
				DEBUG_INFORMATION_FORMAT = dwarf;
				ENABLE_STRICT_OBJC_MSGSEND = YES;
				ENABLE_TESTABILITY = YES;
				GCC_C_LANGUAGE_STANDARD = gnu99;
				GCC_DYNAMIC_NO_PIC = NO;
				GCC_NO_COMMON_BLOCKS = YES;
				GCC_OPTIMIZATION_LEVEL = 0;
				GCC_PREPROCESSOR_DEFINITIONS = (
					"DEBUG=1",
					"$(inherited)",
				);
				GCC_WARN_64_TO_32_BIT_CONVERSION = YES;
				GCC_WARN_ABOUT_RETURN_TYPE = YES_ERROR;
				GCC_WARN_UNDECLARED_SELECTOR = YES;
				GCC_WARN_UNINITIALIZED_AUTOS = YES_AGGRESSIVE;
				GCC_WARN_UNUSED_FUNCTION = YES;
				GCC_WARN_UNUSED_VARIABLE = YES;
				IPHONEOS_DEPLOYMENT_TARGET = 10.1;
				MTL_ENABLE_DEBUG_INFO = YES;
				ONLY_ACTIVE_ARCH = YES;
				SDKROOT = iphoneos;
				SWIFT_ACTIVE_COMPILATION_CONDITIONS = DEBUG;
				SWIFT_OPTIMIZATION_LEVEL = "-Onone";
				TARGETED_DEVICE_FAMILY = "1,2";
			};
			name = Debug;
		};
		1FA1366C1E63A4240024C561 /* Release */ = {
			isa = XCBuildConfiguration;
			buildSettings = {
				ALWAYS_SEARCH_USER_PATHS = NO;
				CLANG_ANALYZER_NONNULL = YES;
				CLANG_CXX_LANGUAGE_STANDARD = "gnu++0x";
				CLANG_CXX_LIBRARY = "libc++";
				CLANG_ENABLE_MODULES = YES;
				CLANG_ENABLE_OBJC_ARC = YES;
				CLANG_WARN_BOOL_CONVERSION = YES;
				CLANG_WARN_CONSTANT_CONVERSION = YES;
				CLANG_WARN_DIRECT_OBJC_ISA_USAGE = YES_ERROR;
				CLANG_WARN_DOCUMENTATION_COMMENTS = YES;
				CLANG_WARN_EMPTY_BODY = YES;
				CLANG_WARN_ENUM_CONVERSION = YES;
				CLANG_WARN_INFINITE_RECURSION = YES;
				CLANG_WARN_INT_CONVERSION = YES;
				CLANG_WARN_OBJC_ROOT_CLASS = YES_ERROR;
				CLANG_WARN_SUSPICIOUS_MOVES = YES;
				CLANG_WARN_UNREACHABLE_CODE = YES;
				CLANG_WARN__DUPLICATE_METHOD_MATCH = YES;
				"CODE_SIGN_IDENTITY[sdk=iphoneos*]" = "iPhone Developer";
				COPY_PHASE_STRIP = NO;
				DEBUG_INFORMATION_FORMAT = "dwarf-with-dsym";
				ENABLE_NS_ASSERTIONS = NO;
				ENABLE_STRICT_OBJC_MSGSEND = YES;
				GCC_C_LANGUAGE_STANDARD = gnu99;
				GCC_NO_COMMON_BLOCKS = YES;
				GCC_WARN_64_TO_32_BIT_CONVERSION = YES;
				GCC_WARN_ABOUT_RETURN_TYPE = YES_ERROR;
				GCC_WARN_UNDECLARED_SELECTOR = YES;
				GCC_WARN_UNINITIALIZED_AUTOS = YES_AGGRESSIVE;
				GCC_WARN_UNUSED_FUNCTION = YES;
				GCC_WARN_UNUSED_VARIABLE = YES;
				IPHONEOS_DEPLOYMENT_TARGET = 10.1;
				MTL_ENABLE_DEBUG_INFO = NO;
				SDKROOT = iphoneos;
				SWIFT_OPTIMIZATION_LEVEL = "-Owholemodule";
				TARGETED_DEVICE_FAMILY = "1,2";
				VALIDATE_PRODUCT = YES;
			};
			name = Release;
		};
		1FA1366E1E63A4240024C561 /* Debug */ = {
			isa = XCBuildConfiguration;
			baseConfigurationReference = CA2EB8460D62D5D89C803858 /* Pods-rolll.debug.xcconfig */;
			buildSettings = {
				ASSETCATALOG_COMPILER_APPICON_NAME = AppIcon;
				CODE_SIGN_ENTITLEMENTS = rolll/rolll.entitlements;
				DEVELOPMENT_TEAM = 7V8P94L4TP;
				INFOPLIST_FILE = rolll/Info.plist;
				LD_RUNPATH_SEARCH_PATHS = "$(inherited) @executable_path/Frameworks";
				PRODUCT_BUNDLE_IDENTIFIER = "com.carmen-cheng.rolll";
				PRODUCT_NAME = "$(TARGET_NAME)";
				SWIFT_VERSION = 3.0;
			};
			name = Debug;
		};
		1FA1366F1E63A4240024C561 /* Release */ = {
			isa = XCBuildConfiguration;
			baseConfigurationReference = 33AA6960F0B46EDB4F87049A /* Pods-rolll.release.xcconfig */;
			buildSettings = {
				ASSETCATALOG_COMPILER_APPICON_NAME = AppIcon;
				CODE_SIGN_ENTITLEMENTS = rolll/rolll.entitlements;
				DEVELOPMENT_TEAM = 7V8P94L4TP;
				INFOPLIST_FILE = rolll/Info.plist;
				LD_RUNPATH_SEARCH_PATHS = "$(inherited) @executable_path/Frameworks";
				PRODUCT_BUNDLE_IDENTIFIER = "com.carmen-cheng.rolll";
				PRODUCT_NAME = "$(TARGET_NAME)";
				SWIFT_VERSION = 3.0;
			};
			name = Release;
		};
/* End XCBuildConfiguration section */

/* Begin XCConfigurationList section */
		1FA136561E63A4240024C561 /* Build configuration list for PBXProject "rolll" */ = {
			isa = XCConfigurationList;
			buildConfigurations = (
				1FA1366B1E63A4240024C561 /* Debug */,
				1FA1366C1E63A4240024C561 /* Release */,
			);
			defaultConfigurationIsVisible = 0;
			defaultConfigurationName = Release;
		};
		1FA1366D1E63A4240024C561 /* Build configuration list for PBXNativeTarget "rolll" */ = {
			isa = XCConfigurationList;
			buildConfigurations = (
				1FA1366E1E63A4240024C561 /* Debug */,
				1FA1366F1E63A4240024C561 /* Release */,
			);
			defaultConfigurationIsVisible = 0;
			defaultConfigurationName = Release;
		};
/* End XCConfigurationList section */
	};
	rootObject = 1FA136531E63A4240024C561 /* Project object */;
}
